// !$*UTF8*$!
{
	archiveVersion = 1;
	classes = {
	};
	objectVersion = 50;
	objects = {

/* Begin PBXBuildFile section */
		206A9833529A3E3DF7536841 /* Pods_weatherCityUITests.framework in Frameworks */ = {isa = PBXBuildFile; fileRef = 0E1B2F916E905953299A9D17 /* Pods_weatherCityUITests.framework */; };
		656F643EBD1A199D0F947538 /* Pods_weatherCity.framework in Frameworks */ = {isa = PBXBuildFile; fileRef = BE9E4A686D7B3B46C233FBED /* Pods_weatherCity.framework */; };
		7683C62680A3EDC492F01AE8 /* Pods_weatherCityTests.framework in Frameworks */ = {isa = PBXBuildFile; fileRef = DFF92D0E4423878721B78E4C /* Pods_weatherCityTests.framework */; };
		8B03DAF6218381910039EB52 /* City+CoreDataClass.swift in Sources */ = {isa = PBXBuildFile; fileRef = 8B03DAF0218381910039EB52 /* City+CoreDataClass.swift */; };
		8B03DAF7218381910039EB52 /* City+CoreDataProperties.swift in Sources */ = {isa = PBXBuildFile; fileRef = 8B03DAF1218381910039EB52 /* City+CoreDataProperties.swift */; };
		8B03DAF8218381910039EB52 /* Geoloc+CoreDataClass.swift in Sources */ = {isa = PBXBuildFile; fileRef = 8B03DAF2218381910039EB52 /* Geoloc+CoreDataClass.swift */; };
		8B03DAF9218381910039EB52 /* Geoloc+CoreDataProperties.swift in Sources */ = {isa = PBXBuildFile; fileRef = 8B03DAF3218381910039EB52 /* Geoloc+CoreDataProperties.swift */; };
		8B03DAFA218381910039EB52 /* Weather+CoreDataClass.swift in Sources */ = {isa = PBXBuildFile; fileRef = 8B03DAF4218381910039EB52 /* Weather+CoreDataClass.swift */; };
		8B03DAFB218381910039EB52 /* Weather+CoreDataProperties.swift in Sources */ = {isa = PBXBuildFile; fileRef = 8B03DAF5218381910039EB52 /* Weather+CoreDataProperties.swift */; };
		8B03DAFD218382560039EB52 /* WeatherApi.swift in Sources */ = {isa = PBXBuildFile; fileRef = 8B03DAFC218382560039EB52 /* WeatherApi.swift */; };
		8B26DBAA2183564600AB439A /* AppDelegate.swift in Sources */ = {isa = PBXBuildFile; fileRef = 8B26DBA92183564600AB439A /* AppDelegate.swift */; };
		8B26DBAC2183564600AB439A /* ViewController.swift in Sources */ = {isa = PBXBuildFile; fileRef = 8B26DBAB2183564600AB439A /* ViewController.swift */; };
		8B26DBAF2183564600AB439A /* Main.storyboard in Resources */ = {isa = PBXBuildFile; fileRef = 8B26DBAD2183564600AB439A /* Main.storyboard */; };
		8B26DBB22183564600AB439A /* weatherCity.xcdatamodeld in Sources */ = {isa = PBXBuildFile; fileRef = 8B26DBB02183564600AB439A /* weatherCity.xcdatamodeld */; };
		8B26DBB42183564700AB439A /* Assets.xcassets in Resources */ = {isa = PBXBuildFile; fileRef = 8B26DBB32183564700AB439A /* Assets.xcassets */; };
		8B26DBB72183564700AB439A /* LaunchScreen.storyboard in Resources */ = {isa = PBXBuildFile; fileRef = 8B26DBB52183564700AB439A /* LaunchScreen.storyboard */; };
		8B26DBC22183564700AB439A /* weatherCityTests.swift in Sources */ = {isa = PBXBuildFile; fileRef = 8B26DBC12183564700AB439A /* weatherCityTests.swift */; };
		8B26DBCD2183564800AB439A /* weatherCityUITests.swift in Sources */ = {isa = PBXBuildFile; fileRef = 8B26DBCC2183564800AB439A /* weatherCityUITests.swift */; };
		8B478BC52183672200632782 /* CoreDataManager.swift in Sources */ = {isa = PBXBuildFile; fileRef = 8B478BC42183672200632782 /* CoreDataManager.swift */; };
		8B478BC7218367B200632782 /* GeolocManager.swift in Sources */ = {isa = PBXBuildFile; fileRef = 8B478BC6218367B200632782 /* GeolocManager.swift */; };
/* End PBXBuildFile section */

/* Begin PBXContainerItemProxy section */
		8B26DBBE2183564700AB439A /* PBXContainerItemProxy */ = {
			isa = PBXContainerItemProxy;
			containerPortal = 8B26DB9E2183564600AB439A /* Project object */;
			proxyType = 1;
			remoteGlobalIDString = 8B26DBA52183564600AB439A;
			remoteInfo = weatherCity;
		};
		8B26DBC92183564700AB439A /* PBXContainerItemProxy */ = {
			isa = PBXContainerItemProxy;
			containerPortal = 8B26DB9E2183564600AB439A /* Project object */;
			proxyType = 1;
			remoteGlobalIDString = 8B26DBA52183564600AB439A;
			remoteInfo = weatherCity;
		};
/* End PBXContainerItemProxy section */

/* Begin PBXFileReference section */
		0E1B2F916E905953299A9D17 /* Pods_weatherCityUITests.framework */ = {isa = PBXFileReference; explicitFileType = wrapper.framework; includeInIndex = 0; path = Pods_weatherCityUITests.framework; sourceTree = BUILT_PRODUCTS_DIR; };
		13D5D49C5069A87221D28E53 /* Pods-weatherCityUITests.release.xcconfig */ = {isa = PBXFileReference; includeInIndex = 1; lastKnownFileType = text.xcconfig; name = "Pods-weatherCityUITests.release.xcconfig"; path = "Target Support Files/Pods-weatherCityUITests/Pods-weatherCityUITests.release.xcconfig"; sourceTree = "<group>"; };
		1C1EC2F95CAEAA1AD5035283 /* Pods-weatherCityUITests.debug.xcconfig */ = {isa = PBXFileReference; includeInIndex = 1; lastKnownFileType = text.xcconfig; name = "Pods-weatherCityUITests.debug.xcconfig"; path = "Target Support Files/Pods-weatherCityUITests/Pods-weatherCityUITests.debug.xcconfig"; sourceTree = "<group>"; };
		266F4FBFC43FAC4714F45EAD /* Pods-weatherCityTests.debug.xcconfig */ = {isa = PBXFileReference; includeInIndex = 1; lastKnownFileType = text.xcconfig; name = "Pods-weatherCityTests.debug.xcconfig"; path = "Target Support Files/Pods-weatherCityTests/Pods-weatherCityTests.debug.xcconfig"; sourceTree = "<group>"; };
		666F7EF3404310DB47B7F67B /* Pods-weatherCityTests.release.xcconfig */ = {isa = PBXFileReference; includeInIndex = 1; lastKnownFileType = text.xcconfig; name = "Pods-weatherCityTests.release.xcconfig"; path = "Target Support Files/Pods-weatherCityTests/Pods-weatherCityTests.release.xcconfig"; sourceTree = "<group>"; };
		736A4BE9A5A3CCD3B5CD31F7 /* Pods-weatherCity.debug.xcconfig */ = {isa = PBXFileReference; includeInIndex = 1; lastKnownFileType = text.xcconfig; name = "Pods-weatherCity.debug.xcconfig"; path = "Target Support Files/Pods-weatherCity/Pods-weatherCity.debug.xcconfig"; sourceTree = "<group>"; };
		8B03DAF0218381910039EB52 /* City+CoreDataClass.swift */ = {isa = PBXFileReference; lastKnownFileType = sourcecode.swift; path = "City+CoreDataClass.swift"; sourceTree = "<group>"; };
		8B03DAF1218381910039EB52 /* City+CoreDataProperties.swift */ = {isa = PBXFileReference; lastKnownFileType = sourcecode.swift; path = "City+CoreDataProperties.swift"; sourceTree = "<group>"; };
		8B03DAF2218381910039EB52 /* Geoloc+CoreDataClass.swift */ = {isa = PBXFileReference; lastKnownFileType = sourcecode.swift; path = "Geoloc+CoreDataClass.swift"; sourceTree = "<group>"; };
		8B03DAF3218381910039EB52 /* Geoloc+CoreDataProperties.swift */ = {isa = PBXFileReference; lastKnownFileType = sourcecode.swift; path = "Geoloc+CoreDataProperties.swift"; sourceTree = "<group>"; };
		8B03DAF4218381910039EB52 /* Weather+CoreDataClass.swift */ = {isa = PBXFileReference; lastKnownFileType = sourcecode.swift; path = "Weather+CoreDataClass.swift"; sourceTree = "<group>"; };
		8B03DAF5218381910039EB52 /* Weather+CoreDataProperties.swift */ = {isa = PBXFileReference; lastKnownFileType = sourcecode.swift; path = "Weather+CoreDataProperties.swift"; sourceTree = "<group>"; };
		8B03DAFC218382560039EB52 /* WeatherApi.swift */ = {isa = PBXFileReference; lastKnownFileType = sourcecode.swift; path = WeatherApi.swift; sourceTree = "<group>"; };
		8B26DBA62183564600AB439A /* weatherCity.app */ = {isa = PBXFileReference; explicitFileType = wrapper.application; includeInIndex = 0; path = weatherCity.app; sourceTree = BUILT_PRODUCTS_DIR; };
		8B26DBA92183564600AB439A /* AppDelegate.swift */ = {isa = PBXFileReference; lastKnownFileType = sourcecode.swift; path = AppDelegate.swift; sourceTree = "<group>"; };
		8B26DBAB2183564600AB439A /* ViewController.swift */ = {isa = PBXFileReference; lastKnownFileType = sourcecode.swift; path = ViewController.swift; sourceTree = "<group>"; };
		8B26DBAE2183564600AB439A /* Base */ = {isa = PBXFileReference; lastKnownFileType = file.storyboard; name = Base; path = Base.lproj/Main.storyboard; sourceTree = "<group>"; };
		8B26DBB12183564600AB439A /* weatherCity.xcdatamodel */ = {isa = PBXFileReference; lastKnownFileType = wrapper.xcdatamodel; path = weatherCity.xcdatamodel; sourceTree = "<group>"; };
		8B26DBB32183564700AB439A /* Assets.xcassets */ = {isa = PBXFileReference; lastKnownFileType = folder.assetcatalog; path = Assets.xcassets; sourceTree = "<group>"; };
		8B26DBB62183564700AB439A /* Base */ = {isa = PBXFileReference; lastKnownFileType = file.storyboard; name = Base; path = Base.lproj/LaunchScreen.storyboard; sourceTree = "<group>"; };
		8B26DBB82183564700AB439A /* Info.plist */ = {isa = PBXFileReference; lastKnownFileType = text.plist.xml; path = Info.plist; sourceTree = "<group>"; };
		8B26DBBD2183564700AB439A /* weatherCityTests.xctest */ = {isa = PBXFileReference; explicitFileType = wrapper.cfbundle; includeInIndex = 0; path = weatherCityTests.xctest; sourceTree = BUILT_PRODUCTS_DIR; };
		8B26DBC12183564700AB439A /* weatherCityTests.swift */ = {isa = PBXFileReference; lastKnownFileType = sourcecode.swift; path = weatherCityTests.swift; sourceTree = "<group>"; };
		8B26DBC32183564700AB439A /* Info.plist */ = {isa = PBXFileReference; lastKnownFileType = text.plist.xml; path = Info.plist; sourceTree = "<group>"; };
		8B26DBC82183564700AB439A /* weatherCityUITests.xctest */ = {isa = PBXFileReference; explicitFileType = wrapper.cfbundle; includeInIndex = 0; path = weatherCityUITests.xctest; sourceTree = BUILT_PRODUCTS_DIR; };
		8B26DBCC2183564800AB439A /* weatherCityUITests.swift */ = {isa = PBXFileReference; lastKnownFileType = sourcecode.swift; path = weatherCityUITests.swift; sourceTree = "<group>"; };
		8B26DBCE2183564800AB439A /* Info.plist */ = {isa = PBXFileReference; lastKnownFileType = text.plist.xml; path = Info.plist; sourceTree = "<group>"; };
		8B478BC42183672200632782 /* CoreDataManager.swift */ = {isa = PBXFileReference; lastKnownFileType = sourcecode.swift; path = CoreDataManager.swift; sourceTree = "<group>"; };
		8B478BC6218367B200632782 /* GeolocManager.swift */ = {isa = PBXFileReference; lastKnownFileType = sourcecode.swift; path = GeolocManager.swift; sourceTree = "<group>"; };
		BE9E4A686D7B3B46C233FBED /* Pods_weatherCity.framework */ = {isa = PBXFileReference; explicitFileType = wrapper.framework; includeInIndex = 0; path = Pods_weatherCity.framework; sourceTree = BUILT_PRODUCTS_DIR; };
		D6CAB28F67F4D6421CA0ACAA /* Pods-weatherCity.release.xcconfig */ = {isa = PBXFileReference; includeInIndex = 1; lastKnownFileType = text.xcconfig; name = "Pods-weatherCity.release.xcconfig"; path = "Target Support Files/Pods-weatherCity/Pods-weatherCity.release.xcconfig"; sourceTree = "<group>"; };
		DFF92D0E4423878721B78E4C /* Pods_weatherCityTests.framework */ = {isa = PBXFileReference; explicitFileType = wrapper.framework; includeInIndex = 0; path = Pods_weatherCityTests.framework; sourceTree = BUILT_PRODUCTS_DIR; };
/* End PBXFileReference section */

/* Begin PBXFrameworksBuildPhase section */
		8B26DBA32183564600AB439A /* Frameworks */ = {
			isa = PBXFrameworksBuildPhase;
			buildActionMask = 2147483647;
			files = (
				656F643EBD1A199D0F947538 /* Pods_weatherCity.framework in Frameworks */,
			);
			runOnlyForDeploymentPostprocessing = 0;
		};
		8B26DBBA2183564700AB439A /* Frameworks */ = {
			isa = PBXFrameworksBuildPhase;
			buildActionMask = 2147483647;
			files = (
				7683C62680A3EDC492F01AE8 /* Pods_weatherCityTests.framework in Frameworks */,
			);
			runOnlyForDeploymentPostprocessing = 0;
		};
		8B26DBC52183564700AB439A /* Frameworks */ = {
			isa = PBXFrameworksBuildPhase;
			buildActionMask = 2147483647;
			files = (
				206A9833529A3E3DF7536841 /* Pods_weatherCityUITests.framework in Frameworks */,
			);
			runOnlyForDeploymentPostprocessing = 0;
		};
/* End PBXFrameworksBuildPhase section */

/* Begin PBXGroup section */
		5C7D41021BB73AADA7F08EF5 /* Pods */ = {
			isa = PBXGroup;
			children = (
				736A4BE9A5A3CCD3B5CD31F7 /* Pods-weatherCity.debug.xcconfig */,
				D6CAB28F67F4D6421CA0ACAA /* Pods-weatherCity.release.xcconfig */,
				266F4FBFC43FAC4714F45EAD /* Pods-weatherCityTests.debug.xcconfig */,
				666F7EF3404310DB47B7F67B /* Pods-weatherCityTests.release.xcconfig */,
				1C1EC2F95CAEAA1AD5035283 /* Pods-weatherCityUITests.debug.xcconfig */,
				13D5D49C5069A87221D28E53 /* Pods-weatherCityUITests.release.xcconfig */,
			);
			path = Pods;
			sourceTree = "<group>";
		};
		8B03DAEF2183816E0039EB52 /* Entities */ = {
			isa = PBXGroup;
			children = (
				8B03DAF0218381910039EB52 /* City+CoreDataClass.swift */,
				8B03DAF1218381910039EB52 /* City+CoreDataProperties.swift */,
				8B03DAF2218381910039EB52 /* Geoloc+CoreDataClass.swift */,
				8B03DAF3218381910039EB52 /* Geoloc+CoreDataProperties.swift */,
				8B03DAF4218381910039EB52 /* Weather+CoreDataClass.swift */,
				8B03DAF5218381910039EB52 /* Weather+CoreDataProperties.swift */,
			);
			path = Entities;
			sourceTree = "<group>";
		};
		8B26DB9D2183564600AB439A = {
			isa = PBXGroup;
			children = (
				8B26DBA82183564600AB439A /* weatherCity */,
				8B26DBC02183564700AB439A /* weatherCityTests */,
				8B26DBCB2183564800AB439A /* weatherCityUITests */,
				8B26DBA72183564600AB439A /* Products */,
				5C7D41021BB73AADA7F08EF5 /* Pods */,
				AF6A77BCBDE7A97C9EE143AB /* Frameworks */,
			);
			sourceTree = "<group>";
		};
		8B26DBA72183564600AB439A /* Products */ = {
			isa = PBXGroup;
			children = (
				8B26DBA62183564600AB439A /* weatherCity.app */,
				8B26DBBD2183564700AB439A /* weatherCityTests.xctest */,
				8B26DBC82183564700AB439A /* weatherCityUITests.xctest */,
			);
			name = Products;
			sourceTree = "<group>";
		};
		8B26DBA82183564600AB439A /* weatherCity */ = {
			isa = PBXGroup;
			children = (
				8B03DAEF2183816E0039EB52 /* Entities */,
				8B478BC3218366CC00632782 /* API */,
				8B478BC2218366B900632782 /* Managers */,
				8B478BC1218366B100632782 /* Categories */,
				8B478BC0218366A400632782 /* Controllers */,
				8B26DBA92183564600AB439A /* AppDelegate.swift */,
				8B26DBAD2183564600AB439A /* Main.storyboard */,
				8B26DBB32183564700AB439A /* Assets.xcassets */,
				8B26DBB52183564700AB439A /* LaunchScreen.storyboard */,
				8B26DBB82183564700AB439A /* Info.plist */,
				8B26DBB02183564600AB439A /* weatherCity.xcdatamodeld */,
			);
			path = weatherCity;
			sourceTree = "<group>";
		};
		8B26DBC02183564700AB439A /* weatherCityTests */ = {
			isa = PBXGroup;
			children = (
				8B26DBC12183564700AB439A /* weatherCityTests.swift */,
				8B26DBC32183564700AB439A /* Info.plist */,
			);
			path = weatherCityTests;
			sourceTree = "<group>";
		};
		8B26DBCB2183564800AB439A /* weatherCityUITests */ = {
			isa = PBXGroup;
			children = (
				8B26DBCC2183564800AB439A /* weatherCityUITests.swift */,
				8B26DBCE2183564800AB439A /* Info.plist */,
			);
			path = weatherCityUITests;
			sourceTree = "<group>";
		};
		8B478BC0218366A400632782 /* Controllers */ = {
			isa = PBXGroup;
			children = (
				8B26DBAB2183564600AB439A /* ViewController.swift */,
			);
			path = Controllers;
			sourceTree = "<group>";
		};
		8B478BC1218366B100632782 /* Categories */ = {
			isa = PBXGroup;
			children = (
			);
			path = Categories;
			sourceTree = "<group>";
		};
		8B478BC2218366B900632782 /* Managers */ = {
			isa = PBXGroup;
			children = (
				8B478BC42183672200632782 /* CoreDataManager.swift */,
				8B478BC6218367B200632782 /* GeolocManager.swift */,
			);
			path = Managers;
			sourceTree = "<group>";
		};
		8B478BC3218366CC00632782 /* API */ = {
			isa = PBXGroup;
			children = (
				8B03DAFC218382560039EB52 /* WeatherApi.swift */,
			);
			path = API;
			sourceTree = "<group>";
		};
		AF6A77BCBDE7A97C9EE143AB /* Frameworks */ = {
			isa = PBXGroup;
			children = (
				BE9E4A686D7B3B46C233FBED /* Pods_weatherCity.framework */,
				DFF92D0E4423878721B78E4C /* Pods_weatherCityTests.framework */,
				0E1B2F916E905953299A9D17 /* Pods_weatherCityUITests.framework */,
			);
			name = Frameworks;
			sourceTree = "<group>";
		};
/* End PBXGroup section */

/* Begin PBXNativeTarget section */
		8B26DBA52183564600AB439A /* weatherCity */ = {
			isa = PBXNativeTarget;
			buildConfigurationList = 8B26DBD12183564800AB439A /* Build configuration list for PBXNativeTarget "weatherCity" */;
			buildPhases = (
				98CA9EE80667DB4E9176452B /* [CP] Check Pods Manifest.lock */,
				8B26DBA22183564600AB439A /* Sources */,
				8B26DBA32183564600AB439A /* Frameworks */,
				8B26DBA42183564600AB439A /* Resources */,
				BBCDF3626655733BCA794A5D /* [CP] Embed Pods Frameworks */,
			);
			buildRules = (
			);
			dependencies = (
			);
			name = weatherCity;
			productName = weatherCity;
			productReference = 8B26DBA62183564600AB439A /* weatherCity.app */;
			productType = "com.apple.product-type.application";
		};
		8B26DBBC2183564700AB439A /* weatherCityTests */ = {
			isa = PBXNativeTarget;
			buildConfigurationList = 8B26DBD42183564800AB439A /* Build configuration list for PBXNativeTarget "weatherCityTests" */;
			buildPhases = (
				BE2D53F05D2B28AE93A86356 /* [CP] Check Pods Manifest.lock */,
				8B26DBB92183564700AB439A /* Sources */,
				8B26DBBA2183564700AB439A /* Frameworks */,
				8B26DBBB2183564700AB439A /* Resources */,
			);
			buildRules = (
			);
			dependencies = (
				8B26DBBF2183564700AB439A /* PBXTargetDependency */,
			);
			name = weatherCityTests;
			productName = weatherCityTests;
			productReference = 8B26DBBD2183564700AB439A /* weatherCityTests.xctest */;
			productType = "com.apple.product-type.bundle.unit-test";
		};
		8B26DBC72183564700AB439A /* weatherCityUITests */ = {
			isa = PBXNativeTarget;
			buildConfigurationList = 8B26DBD72183564800AB439A /* Build configuration list for PBXNativeTarget "weatherCityUITests" */;
			buildPhases = (
				B3E79FA24E3453B5DE0EBB0D /* [CP] Check Pods Manifest.lock */,
				8B26DBC42183564700AB439A /* Sources */,
				8B26DBC52183564700AB439A /* Frameworks */,
				8B26DBC62183564700AB439A /* Resources */,
			);
			buildRules = (
			);
			dependencies = (
				8B26DBCA2183564700AB439A /* PBXTargetDependency */,
			);
			name = weatherCityUITests;
			productName = weatherCityUITests;
			productReference = 8B26DBC82183564700AB439A /* weatherCityUITests.xctest */;
			productType = "com.apple.product-type.bundle.ui-testing";
		};
/* End PBXNativeTarget section */

/* Begin PBXProject section */
		8B26DB9E2183564600AB439A /* Project object */ = {
			isa = PBXProject;
			attributes = {
				LastSwiftUpdateCheck = 1000;
				LastUpgradeCheck = 1000;
				ORGANIZATIONNAME = "Elliot Cunningham";
				TargetAttributes = {
					8B26DBA52183564600AB439A = {
						CreatedOnToolsVersion = 10.0;
					};
					8B26DBBC2183564700AB439A = {
						CreatedOnToolsVersion = 10.0;
						TestTargetID = 8B26DBA52183564600AB439A;
					};
					8B26DBC72183564700AB439A = {
						CreatedOnToolsVersion = 10.0;
						TestTargetID = 8B26DBA52183564600AB439A;
					};
				};
			};
			buildConfigurationList = 8B26DBA12183564600AB439A /* Build configuration list for PBXProject "weatherCity" */;
			compatibilityVersion = "Xcode 9.3";
			developmentRegion = en;
			hasScannedForEncodings = 0;
			knownRegions = (
				en,
				Base,
			);
			mainGroup = 8B26DB9D2183564600AB439A;
			productRefGroup = 8B26DBA72183564600AB439A /* Products */;
			projectDirPath = "";
			projectRoot = "";
			targets = (
				8B26DBA52183564600AB439A /* weatherCity */,
				8B26DBBC2183564700AB439A /* weatherCityTests */,
				8B26DBC72183564700AB439A /* weatherCityUITests */,
			);
		};
/* End PBXProject section */

/* Begin PBXResourcesBuildPhase section */
		8B26DBA42183564600AB439A /* Resources */ = {
			isa = PBXResourcesBuildPhase;
			buildActionMask = 2147483647;
			files = (
				8B26DBB72183564700AB439A /* LaunchScreen.storyboard in Resources */,
				8B26DBB42183564700AB439A /* Assets.xcassets in Resources */,
				8B26DBAF2183564600AB439A /* Main.storyboard in Resources */,
			);
			runOnlyForDeploymentPostprocessing = 0;
		};
		8B26DBBB2183564700AB439A /* Resources */ = {
			isa = PBXResourcesBuildPhase;
			buildActionMask = 2147483647;
			files = (
			);
			runOnlyForDeploymentPostprocessing = 0;
		};
		8B26DBC62183564700AB439A /* Resources */ = {
			isa = PBXResourcesBuildPhase;
			buildActionMask = 2147483647;
			files = (
			);
			runOnlyForDeploymentPostprocessing = 0;
		};
/* End PBXResourcesBuildPhase section */

/* Begin PBXShellScriptBuildPhase section */
		98CA9EE80667DB4E9176452B /* [CP] Check Pods Manifest.lock */ = {
			isa = PBXShellScriptBuildPhase;
			buildActionMask = 2147483647;
			files = (
			);
			inputFileListPaths = (
			);
			inputPaths = (
				"${PODS_PODFILE_DIR_PATH}/Podfile.lock",
				"${PODS_ROOT}/Manifest.lock",
			);
			name = "[CP] Check Pods Manifest.lock";
			outputFileListPaths = (
			);
			outputPaths = (
				"$(DERIVED_FILE_DIR)/Pods-weatherCity-checkManifestLockResult.txt",
			);
			runOnlyForDeploymentPostprocessing = 0;
			shellPath = /bin/sh;
			shellScript = "diff \"${PODS_PODFILE_DIR_PATH}/Podfile.lock\" \"${PODS_ROOT}/Manifest.lock\" > /dev/null\nif [ $? != 0 ] ; then\n    # print error to STDERR\n    echo \"error: The sandbox is not in sync with the Podfile.lock. Run 'pod install' or update your CocoaPods installation.\" >&2\n    exit 1\nfi\n# This output is used by Xcode 'outputs' to avoid re-running this script phase.\necho \"SUCCESS\" > \"${SCRIPT_OUTPUT_FILE_0}\"\n";
			showEnvVarsInLog = 0;
		};
		B3E79FA24E3453B5DE0EBB0D /* [CP] Check Pods Manifest.lock */ = {
			isa = PBXShellScriptBuildPhase;
			buildActionMask = 2147483647;
			files = (
			);
			inputFileListPaths = (
			);
			inputPaths = (
				"${PODS_PODFILE_DIR_PATH}/Podfile.lock",
				"${PODS_ROOT}/Manifest.lock",
			);
			name = "[CP] Check Pods Manifest.lock";
			outputFileListPaths = (
			);
			outputPaths = (
				"$(DERIVED_FILE_DIR)/Pods-weatherCityUITests-checkManifestLockResult.txt",
			);
			runOnlyForDeploymentPostprocessing = 0;
			shellPath = /bin/sh;
			shellScript = "diff \"${PODS_PODFILE_DIR_PATH}/Podfile.lock\" \"${PODS_ROOT}/Manifest.lock\" > /dev/null\nif [ $? != 0 ] ; then\n    # print error to STDERR\n    echo \"error: The sandbox is not in sync with the Podfile.lock. Run 'pod install' or update your CocoaPods installation.\" >&2\n    exit 1\nfi\n# This output is used by Xcode 'outputs' to avoid re-running this script phase.\necho \"SUCCESS\" > \"${SCRIPT_OUTPUT_FILE_0}\"\n";
			showEnvVarsInLog = 0;
		};
		BBCDF3626655733BCA794A5D /* [CP] Embed Pods Frameworks */ = {
			isa = PBXShellScriptBuildPhase;
			buildActionMask = 2147483647;
			files = (
			);
			inputFileListPaths = (
			);
			inputPaths = (
				"${PODS_ROOT}/Target Support Files/Pods-weatherCity/Pods-weatherCity-frameworks.sh",
				"${BUILT_PRODUCTS_DIR}/Alamofire/Alamofire.framework",
				"${BUILT_PRODUCTS_DIR}/JCRSlideCollectionViewCell/JCRSlideCollectionViewCell.framework",
				"${BUILT_PRODUCTS_DIR}/Moya/Moya.framework",
				"${BUILT_PRODUCTS_DIR}/Result/Result.framework",
			);
			name = "[CP] Embed Pods Frameworks";
			outputFileListPaths = (
			);
			outputPaths = (
				"${TARGET_BUILD_DIR}/${FRAMEWORKS_FOLDER_PATH}/Alamofire.framework",
				"${TARGET_BUILD_DIR}/${FRAMEWORKS_FOLDER_PATH}/JCRSlideCollectionViewCell.framework",
				"${TARGET_BUILD_DIR}/${FRAMEWORKS_FOLDER_PATH}/Moya.framework",
				"${TARGET_BUILD_DIR}/${FRAMEWORKS_FOLDER_PATH}/Result.framework",
			);
			runOnlyForDeploymentPostprocessing = 0;
			shellPath = /bin/sh;
			shellScript = "\"${PODS_ROOT}/Target Support Files/Pods-weatherCity/Pods-weatherCity-frameworks.sh\"\n";
			showEnvVarsInLog = 0;
		};
		BE2D53F05D2B28AE93A86356 /* [CP] Check Pods Manifest.lock */ = {
			isa = PBXShellScriptBuildPhase;
			buildActionMask = 2147483647;
			files = (
			);
			inputFileListPaths = (
			);
			inputPaths = (
				"${PODS_PODFILE_DIR_PATH}/Podfile.lock",
				"${PODS_ROOT}/Manifest.lock",
			);
			name = "[CP] Check Pods Manifest.lock";
			outputFileListPaths = (
			);
			outputPaths = (
				"$(DERIVED_FILE_DIR)/Pods-weatherCityTests-checkManifestLockResult.txt",
			);
			runOnlyForDeploymentPostprocessing = 0;
			shellPath = /bin/sh;
			shellScript = "diff \"${PODS_PODFILE_DIR_PATH}/Podfile.lock\" \"${PODS_ROOT}/Manifest.lock\" > /dev/null\nif [ $? != 0 ] ; then\n    # print error to STDERR\n    echo \"error: The sandbox is not in sync with the Podfile.lock. Run 'pod install' or update your CocoaPods installation.\" >&2\n    exit 1\nfi\n# This output is used by Xcode 'outputs' to avoid re-running this script phase.\necho \"SUCCESS\" > \"${SCRIPT_OUTPUT_FILE_0}\"\n";
			showEnvVarsInLog = 0;
		};
/* End PBXShellScriptBuildPhase section */

/* Begin PBXSourcesBuildPhase section */
		8B26DBA22183564600AB439A /* Sources */ = {
			isa = PBXSourcesBuildPhase;
			buildActionMask = 2147483647;
			files = (
				8B03DAF6218381910039EB52 /* City+CoreDataClass.swift in Sources */,
				8B03DAF9218381910039EB52 /* Geoloc+CoreDataProperties.swift in Sources */,
				8B26DBAC2183564600AB439A /* ViewController.swift in Sources */,
				8B03DAFB218381910039EB52 /* Weather+CoreDataProperties.swift in Sources */,
				8B03DAF8218381910039EB52 /* Geoloc+CoreDataClass.swift in Sources */,
				8B03DAFD218382560039EB52 /* WeatherApi.swift in Sources */,
				8B03DAF7218381910039EB52 /* City+CoreDataProperties.swift in Sources */,
				8B26DBB22183564600AB439A /* weatherCity.xcdatamodeld in Sources */,
				8B03DAFA218381910039EB52 /* Weather+CoreDataClass.swift in Sources */,
				8B478BC7218367B200632782 /* GeolocManager.swift in Sources */,
				8B478BC52183672200632782 /* CoreDataManager.swift in Sources */,
				8B26DBAA2183564600AB439A /* AppDelegate.swift in Sources */,
			);
			runOnlyForDeploymentPostprocessing = 0;
		};
		8B26DBB92183564700AB439A /* Sources */ = {
			isa = PBXSourcesBuildPhase;
			buildActionMask = 2147483647;
			files = (
				8B26DBC22183564700AB439A /* weatherCityTests.swift in Sources */,
			);
			runOnlyForDeploymentPostprocessing = 0;
		};
		8B26DBC42183564700AB439A /* Sources */ = {
			isa = PBXSourcesBuildPhase;
			buildActionMask = 2147483647;
			files = (
				8B26DBCD2183564800AB439A /* weatherCityUITests.swift in Sources */,
			);
			runOnlyForDeploymentPostprocessing = 0;
		};
/* End PBXSourcesBuildPhase section */

/* Begin PBXTargetDependency section */
		8B26DBBF2183564700AB439A /* PBXTargetDependency */ = {
			isa = PBXTargetDependency;
			target = 8B26DBA52183564600AB439A /* weatherCity */;
			targetProxy = 8B26DBBE2183564700AB439A /* PBXContainerItemProxy */;
		};
		8B26DBCA2183564700AB439A /* PBXTargetDependency */ = {
			isa = PBXTargetDependency;
			target = 8B26DBA52183564600AB439A /* weatherCity */;
			targetProxy = 8B26DBC92183564700AB439A /* PBXContainerItemProxy */;
		};
/* End PBXTargetDependency section */

/* Begin PBXVariantGroup section */
		8B26DBAD2183564600AB439A /* Main.storyboard */ = {
			isa = PBXVariantGroup;
			children = (
				8B26DBAE2183564600AB439A /* Base */,
			);
			name = Main.storyboard;
			sourceTree = "<group>";
		};
		8B26DBB52183564700AB439A /* LaunchScreen.storyboard */ = {
			isa = PBXVariantGroup;
			children = (
				8B26DBB62183564700AB439A /* Base */,
			);
			name = LaunchScreen.storyboard;
			sourceTree = "<group>";
		};
/* End PBXVariantGroup section */

/* Begin XCBuildConfiguration section */
		8B26DBCF2183564800AB439A /* Debug */ = {
			isa = XCBuildConfiguration;
			buildSettings = {
				ALWAYS_SEARCH_USER_PATHS = NO;
				CLANG_ANALYZER_NONNULL = YES;
				CLANG_ANALYZER_NUMBER_OBJECT_CONVERSION = YES_AGGRESSIVE;
				CLANG_CXX_LANGUAGE_STANDARD = "gnu++14";
				CLANG_CXX_LIBRARY = "libc++";
				CLANG_ENABLE_MODULES = YES;
				CLANG_ENABLE_OBJC_ARC = YES;
				CLANG_ENABLE_OBJC_WEAK = YES;
				CLANG_WARN_BLOCK_CAPTURE_AUTORELEASING = YES;
				CLANG_WARN_BOOL_CONVERSION = YES;
				CLANG_WARN_COMMA = YES;
				CLANG_WARN_CONSTANT_CONVERSION = YES;
				CLANG_WARN_DEPRECATED_OBJC_IMPLEMENTATIONS = YES;
				CLANG_WARN_DIRECT_OBJC_ISA_USAGE = YES_ERROR;
				CLANG_WARN_DOCUMENTATION_COMMENTS = YES;
				CLANG_WARN_EMPTY_BODY = YES;
				CLANG_WARN_ENUM_CONVERSION = YES;
				CLANG_WARN_INFINITE_RECURSION = YES;
				CLANG_WARN_INT_CONVERSION = YES;
				CLANG_WARN_NON_LITERAL_NULL_CONVERSION = YES;
				CLANG_WARN_OBJC_IMPLICIT_RETAIN_SELF = YES;
				CLANG_WARN_OBJC_LITERAL_CONVERSION = YES;
				CLANG_WARN_OBJC_ROOT_CLASS = YES_ERROR;
				CLANG_WARN_RANGE_LOOP_ANALYSIS = YES;
				CLANG_WARN_STRICT_PROTOTYPES = YES;
				CLANG_WARN_SUSPICIOUS_MOVE = YES;
				CLANG_WARN_UNGUARDED_AVAILABILITY = YES_AGGRESSIVE;
				CLANG_WARN_UNREACHABLE_CODE = YES;
				CLANG_WARN__DUPLICATE_METHOD_MATCH = YES;
				CODE_SIGN_IDENTITY = "iPhone Developer";
				COPY_PHASE_STRIP = NO;
				DEBUG_INFORMATION_FORMAT = dwarf;
				ENABLE_STRICT_OBJC_MSGSEND = YES;
				ENABLE_TESTABILITY = YES;
				GCC_C_LANGUAGE_STANDARD = gnu11;
				GCC_DYNAMIC_NO_PIC = NO;
				GCC_NO_COMMON_BLOCKS = YES;
				GCC_OPTIMIZATION_LEVEL = 0;
				GCC_PREPROCESSOR_DEFINITIONS = (
					"DEBUG=1",
					"$(inherited)",
				);
				GCC_WARN_64_TO_32_BIT_CONVERSION = YES;
				GCC_WARN_ABOUT_RETURN_TYPE = YES_ERROR;
				GCC_WARN_UNDECLARED_SELECTOR = YES;
				GCC_WARN_UNINITIALIZED_AUTOS = YES_AGGRESSIVE;
				GCC_WARN_UNUSED_FUNCTION = YES;
				GCC_WARN_UNUSED_VARIABLE = YES;
				IPHONEOS_DEPLOYMENT_TARGET = 12.0;
				MTL_ENABLE_DEBUG_INFO = INCLUDE_SOURCE;
				MTL_FAST_MATH = YES;
				ONLY_ACTIVE_ARCH = YES;
				SDKROOT = iphoneos;
				SWIFT_ACTIVE_COMPILATION_CONDITIONS = DEBUG;
				SWIFT_OPTIMIZATION_LEVEL = "-Onone";
			};
			name = Debug;
		};
		8B26DBD02183564800AB439A /* Release */ = {
			isa = XCBuildConfiguration;
			buildSettings = {
				ALWAYS_SEARCH_USER_PATHS = NO;
				CLANG_ANALYZER_NONNULL = YES;
				CLANG_ANALYZER_NUMBER_OBJECT_CONVERSION = YES_AGGRESSIVE;
				CLANG_CXX_LANGUAGE_STANDARD = "gnu++14";
				CLANG_CXX_LIBRARY = "libc++";
				CLANG_ENABLE_MODULES = YES;
				CLANG_ENABLE_OBJC_ARC = YES;
				CLANG_ENABLE_OBJC_WEAK = YES;
				CLANG_WARN_BLOCK_CAPTURE_AUTORELEASING = YES;
				CLANG_WARN_BOOL_CONVERSION = YES;
				CLANG_WARN_COMMA = YES;
				CLANG_WARN_CONSTANT_CONVERSION = YES;
				CLANG_WARN_DEPRECATED_OBJC_IMPLEMENTATIONS = YES;
				CLANG_WARN_DIRECT_OBJC_ISA_USAGE = YES_ERROR;
				CLANG_WARN_DOCUMENTATION_COMMENTS = YES;
				CLANG_WARN_EMPTY_BODY = YES;
				CLANG_WARN_ENUM_CONVERSION = YES;
				CLANG_WARN_INFINITE_RECURSION = YES;
				CLANG_WARN_INT_CONVERSION = YES;
				CLANG_WARN_NON_LITERAL_NULL_CONVERSION = YES;
				CLANG_WARN_OBJC_IMPLICIT_RETAIN_SELF = YES;
				CLANG_WARN_OBJC_LITERAL_CONVERSION = YES;
				CLANG_WARN_OBJC_ROOT_CLASS = YES_ERROR;
				CLANG_WARN_RANGE_LOOP_ANALYSIS = YES;
				CLANG_WARN_STRICT_PROTOTYPES = YES;
				CLANG_WARN_SUSPICIOUS_MOVE = YES;
				CLANG_WARN_UNGUARDED_AVAILABILITY = YES_AGGRESSIVE;
				CLANG_WARN_UNREACHABLE_CODE = YES;
				CLANG_WARN__DUPLICATE_METHOD_MATCH = YES;
				CODE_SIGN_IDENTITY = "iPhone Developer";
				COPY_PHASE_STRIP = NO;
				DEBUG_INFORMATION_FORMAT = "dwarf-with-dsym";
				ENABLE_NS_ASSERTIONS = NO;
				ENABLE_STRICT_OBJC_MSGSEND = YES;
				GCC_C_LANGUAGE_STANDARD = gnu11;
				GCC_NO_COMMON_BLOCKS = YES;
				GCC_WARN_64_TO_32_BIT_CONVERSION = YES;
				GCC_WARN_ABOUT_RETURN_TYPE = YES_ERROR;
				GCC_WARN_UNDECLARED_SELECTOR = YES;
				GCC_WARN_UNINITIALIZED_AUTOS = YES_AGGRESSIVE;
				GCC_WARN_UNUSED_FUNCTION = YES;
				GCC_WARN_UNUSED_VARIABLE = YES;
				IPHONEOS_DEPLOYMENT_TARGET = 12.0;
				MTL_ENABLE_DEBUG_INFO = NO;
				MTL_FAST_MATH = YES;
				SDKROOT = iphoneos;
				SWIFT_COMPILATION_MODE = wholemodule;
				SWIFT_OPTIMIZATION_LEVEL = "-O";
				VALIDATE_PRODUCT = YES;
			};
			name = Release;
		};
		8B26DBD22183564800AB439A /* Debug */ = {
			isa = XCBuildConfiguration;
			baseConfigurationReference = 736A4BE9A5A3CCD3B5CD31F7 /* Pods-weatherCity.debug.xcconfig */;
			buildSettings = {
				ASSETCATALOG_COMPILER_APPICON_NAME = AppIcon;
				CODE_SIGN_STYLE = Automatic;
				DEVELOPMENT_TEAM = 8MBH85UF6T;
				INFOPLIST_FILE = weatherCity/Info.plist;
				LD_RUNPATH_SEARCH_PATHS = (
					"$(inherited)",
					"@executable_path/Frameworks",
				);
				PRODUCT_BUNDLE_IDENTIFIER = com.elliot.weatherCity;
				PRODUCT_NAME = "$(TARGET_NAME)";
				SWIFT_VERSION = 4.2;
				TARGETED_DEVICE_FAMILY = "1,2";
			};
			name = Debug;
		};
		8B26DBD32183564800AB439A /* Release */ = {
			isa = XCBuildConfiguration;
			baseConfigurationReference = D6CAB28F67F4D6421CA0ACAA /* Pods-weatherCity.release.xcconfig */;
			buildSettings = {
				ASSETCATALOG_COMPILER_APPICON_NAME = AppIcon;
				CODE_SIGN_STYLE = Automatic;
				DEVELOPMENT_TEAM = 8MBH85UF6T;
				INFOPLIST_FILE = weatherCity/Info.plist;
				LD_RUNPATH_SEARCH_PATHS = (
					"$(inherited)",
					"@executable_path/Frameworks",
				);
				PRODUCT_BUNDLE_IDENTIFIER = com.elliot.weatherCity;
				PRODUCT_NAME = "$(TARGET_NAME)";
				SWIFT_VERSION = 4.2;
				TARGETED_DEVICE_FAMILY = "1,2";
			};
			name = Release;
		};
		8B26DBD52183564800AB439A /* Debug */ = {
			isa = XCBuildConfiguration;
			baseConfigurationReference = 266F4FBFC43FAC4714F45EAD /* Pods-weatherCityTests.debug.xcconfig */;
			buildSettings = {
				ALWAYS_EMBED_SWIFT_STANDARD_LIBRARIES = YES;
				BUNDLE_LOADER = "$(TEST_HOST)";
				CODE_SIGN_STYLE = Automatic;
				INFOPLIST_FILE = weatherCityTests/Info.plist;
				LD_RUNPATH_SEARCH_PATHS = (
					"$(inherited)",
					"@executable_path/Frameworks",
					"@loader_path/Frameworks",
				);
				PRODUCT_BUNDLE_IDENTIFIER = com.elliot.weatherCityTests;
				PRODUCT_NAME = "$(TARGET_NAME)";
				SWIFT_VERSION = 4.2;
				TARGETED_DEVICE_FAMILY = "1,2";
				TEST_HOST = "$(BUILT_PRODUCTS_DIR)/weatherCity.app/weatherCity";
			};
			name = Debug;
		};
		8B26DBD62183564800AB439A /* Release */ = {
			isa = XCBuildConfiguration;
			baseConfigurationReference = 666F7EF3404310DB47B7F67B /* Pods-weatherCityTests.release.xcconfig */;
			buildSettings = {
				ALWAYS_EMBED_SWIFT_STANDARD_LIBRARIES = YES;
				BUNDLE_LOADER = "$(TEST_HOST)";
				CODE_SIGN_STYLE = Automatic;
				INFOPLIST_FILE = weatherCityTests/Info.plist;
				LD_RUNPATH_SEARCH_PATHS = (
					"$(inherited)",
					"@executable_path/Frameworks",
					"@loader_path/Frameworks",
				);
				PRODUCT_BUNDLE_IDENTIFIER = com.elliot.weatherCityTests;
				PRODUCT_NAME = "$(TARGET_NAME)";
				SWIFT_VERSION = 4.2;
				TARGETED_DEVICE_FAMILY = "1,2";
				TEST_HOST = "$(BUILT_PRODUCTS_DIR)/weatherCity.app/weatherCity";
			};
			name = Release;
		};
		8B26DBD82183564800AB439A /* Debug */ = {
			isa = XCBuildConfiguration;
			baseConfigurationReference = 1C1EC2F95CAEAA1AD5035283 /* Pods-weatherCityUITests.debug.xcconfig */;
			buildSettings = {
				ALWAYS_EMBED_SWIFT_STANDARD_LIBRARIES = YES;
				CODE_SIGN_STYLE = Automatic;
				INFOPLIST_FILE = weatherCityUITests/Info.plist;
				LD_RUNPATH_SEARCH_PATHS = (
					"$(inherited)",
					"@executable_path/Frameworks",
					"@loader_path/Frameworks",
				);
				PRODUCT_BUNDLE_IDENTIFIER = com.elliot.weatherCityUITests;
				PRODUCT_NAME = "$(TARGET_NAME)";
				SWIFT_VERSION = 4.2;
				TARGETED_DEVICE_FAMILY = "1,2";
				TEST_TARGET_NAME = weatherCity;
			};
			name = Debug;
		};
		8B26DBD92183564800AB439A /* Release */ = {
			isa = XCBuildConfiguration;
			baseConfigurationReference = 13D5D49C5069A87221D28E53 /* Pods-weatherCityUITests.release.xcconfig */;
			buildSettings = {
				ALWAYS_EMBED_SWIFT_STANDARD_LIBRARIES = YES;
				CODE_SIGN_STYLE = Automatic;
				INFOPLIST_FILE = weatherCityUITests/Info.plist;
				LD_RUNPATH_SEARCH_PATHS = (
					"$(inherited)",
					"@executable_path/Frameworks",
					"@loader_path/Frameworks",
				);
				PRODUCT_BUNDLE_IDENTIFIER = com.elliot.weatherCityUITests;
				PRODUCT_NAME = "$(TARGET_NAME)";
				SWIFT_VERSION = 4.2;
				TARGETED_DEVICE_FAMILY = "1,2";
				TEST_TARGET_NAME = weatherCity;
			};
			name = Release;
		};
/* End XCBuildConfiguration section */

/* Begin XCConfigurationList section */
		8B26DBA12183564600AB439A /* Build configuration list for PBXProject "weatherCity" */ = {
			isa = XCConfigurationList;
			buildConfigurations = (
				8B26DBCF2183564800AB439A /* Debug */,
				8B26DBD02183564800AB439A /* Release */,
			);
			defaultConfigurationIsVisible = 0;
			defaultConfigurationName = Release;
		};
		8B26DBD12183564800AB439A /* Build configuration list for PBXNativeTarget "weatherCity" */ = {
			isa = XCConfigurationList;
			buildConfigurations = (
				8B26DBD22183564800AB439A /* Debug */,
				8B26DBD32183564800AB439A /* Release */,
			);
			defaultConfigurationIsVisible = 0;
			defaultConfigurationName = Release;
		};
		8B26DBD42183564800AB439A /* Build configuration list for PBXNativeTarget "weatherCityTests" */ = {
			isa = XCConfigurationList;
			buildConfigurations = (
				8B26DBD52183564800AB439A /* Debug */,
				8B26DBD62183564800AB439A /* Release */,
			);
			defaultConfigurationIsVisible = 0;
			defaultConfigurationName = Release;
		};
		8B26DBD72183564800AB439A /* Build configuration list for PBXNativeTarget "weatherCityUITests" */ = {
			isa = XCConfigurationList;
			buildConfigurations = (
				8B26DBD82183564800AB439A /* Debug */,
				8B26DBD92183564800AB439A /* Release */,
			);
			defaultConfigurationIsVisible = 0;
			defaultConfigurationName = Release;
		};
/* End XCConfigurationList section */

/* Begin XCVersionGroup section */
		8B26DBB02183564600AB439A /* weatherCity.xcdatamodeld */ = {
			isa = XCVersionGroup;
			children = (
				8B26DBB12183564600AB439A /* weatherCity.xcdatamodel */,
			);
			currentVersion = 8B26DBB12183564600AB439A /* weatherCity.xcdatamodel */;
			path = weatherCity.xcdatamodeld;
			sourceTree = "<group>";
			versionGroupType = wrapper.xcdatamodel;
		};
/* End XCVersionGroup section */
	};
	rootObject = 8B26DB9E2183564600AB439A /* Project object */;
}
